<?xml version="1.0" encoding="utf-8"?>
<Project ToolsVersion="17.0" xmlns="http://schemas.microsoft.com/developer/msbuild/2003">
  <ItemGroup>
    <ClCompile Include="C:\Users\asus\Desktop\code\pet1.0\build2\ZcChat2_autogen\mocs_compilation_Debug.cpp">
      <Filter>Source Files</Filter>
    </ClCompile>
    <ClCompile Include="C:\Users\asus\Desktop\code\pet1.0\ZcChat2\main.cpp">
      <Filter>Source Files</Filter>
    </ClCompile>
    <ClCompile Include="C:\Users\asus\Desktop\code\pet1.0\ZcChat2\windows\setting\setting.cpp">
      <Filter>Source Files</Filter>
    </ClCompile>
    <ClCompile Include="C:\Users\asus\Desktop\code\pet1.0\ZcChat2\windows\dialog\dialog.cpp">
      <Filter>Source Files</Filter>
    </ClCompile>
    <ClCompile Include="C:\Users\asus\Desktop\code\pet1.0\ZcChat2\windows\dialog\history\history.cpp">
      <Filter>Source Files</Filter>
    </ClCompile>
    <ClCompile Include="C:\Users\asus\Desktop\code\pet1.0\ZcChat2\windows\dialog\history\historychild.cpp">
      <Filter>Source Files</Filter>
    </ClCompile>
    <ClCompile Include="C:\Users\asus\Desktop\code\pet1.0\ZcChat2\utils\CustomScrollBinder.cpp">
      <Filter>Source Files</Filter>
    </ClCompile>
    <ClCompile Include="C:\Users\asus\Desktop\code\pet1.0\ZcChat2\utils\AnimePlugin.cpp">
      <Filter>Source Files</Filter>
    </ClCompile>
    <ClCompile Include="C:\Users\asus\Desktop\code\pet1.0\ZcChat2\utils\AnimePluginManager.cpp">
      <Filter>Source Files</Filter>
    </ClCompile>
    <ClCompile Include="C:\Users\asus\Desktop\code\pet1.0\ZcChat2\windows\tachie\tachie.cpp">
      <Filter>Source Files</Filter>
    </ClCompile>
    <ClCompile Include="C:\Users\asus\Desktop\code\pet1.0\ZcChat2\utils\DragHelper.cpp">
      <Filter>Source Files</Filter>
    </ClCompile>
    <ClCompile Include="C:\Users\asus\Desktop\code\pet1.0\ZcChat2\utils\WakeWordDetector.cpp">
      <Filter>Source Files</Filter>
    </ClCompile>
    <ClCompile Include="C:\Users\asus\Desktop\code\pet1.0\ZcChat2\windows\setting\child\settingchild_llm.cpp">
      <Filter>Source Files</Filter>
    </ClCompile>
    <ClCompile Include="C:\Users\asus\Desktop\code\pet1.0\ZcChat2\windows\setting\child\settingchild_char.cpp">
      <Filter>Source Files</Filter>
    </ClCompile>
    <ClCompile Include="C:\Users\asus\Desktop\code\pet1.0\ZcChat2\windows\setting\child\settingchild_vits.cpp">
      <Filter>Source Files</Filter>
    </ClCompile>
    <ClCompile Include="C:\Users\asus\Desktop\code\pet1.0\ZcChat2\windows\setting\child\settingchild_screenCapture.cpp">
      <Filter>Source Files</Filter>
    </ClCompile>
    <ClCompile Include="C:\Users\asus\Desktop\code\pet1.0\ZcChat2\windows\setting\child\settingchild_speech.cpp">
      <Filter>Source Files</Filter>
    </ClCompile>
    <ClCompile Include="C:\Users\asus\Desktop\code\pet1.0\ZcChat2\windows\setting\child\settingchild_plugin.cpp">
      <Filter>Source Files</Filter>
    </ClCompile>
    <ClCompile Include="C:\Users\asus\Desktop\code\pet1.0\ZcChat2\windows\setting\child\settingchild_about.cpp">
      <Filter>Source Files</Filter>
    </ClCompile>
    <ClCompile Include="C:\Users\asus\Desktop\code\pet1.0\ZcChat2\windows\setting\child\settingchild_appLauncher.cpp">
      <Filter>Source Files</Filter>
    </ClCompile>
    <ClCompile Include="C:\Users\asus\Desktop\code\pet1.0\ZcChat2\windows\setting\child\settingchild_general.cpp">
      <Filter>Source Files</Filter>
    </ClCompile>
    <ClCompile Include="C:\Users\asus\Desktop\code\pet1.0\build2\ZcChat2_autogen\EWIEGA46WW\qrc_res.cpp">
      <Filter>Source Files</Filter>
    </ClCompile>
    <ClCompile Include="C:\Users\asus\Desktop\code\pet1.0\build2\ZcChat2_autogen\mocs_compilation_Release.cpp">
      <Filter>Source Files</Filter>
    </ClCompile>
    <ClCompile Include="C:\Users\asus\Desktop\code\pet1.0\build2\ZcChat2_autogen\mocs_compilation_MinSizeRel.cpp">
      <Filter>Source Files</Filter>
    </ClCompile>
    <ClCompile Include="C:\Users\asus\Desktop\code\pet1.0\build2\ZcChat2_autogen\mocs_compilation_RelWithDebInfo.cpp">
      <Filter>Source Files</Filter>
    </ClCompile>
  </ItemGroup>
  <ItemGroup>
    <ClInclude Include="C:\Users\asus\Desktop\code\pet1.0\ZcChat2\windows\setting\setting.h">
      <Filter>Header Files</Filter>
    </ClInclude>
    <ClInclude Include="C:\Users\asus\Desktop\code\pet1.0\ZcChat2\windows\dialog\dialog.h">
      <Filter>Header Files</Filter>
    </ClInclude>
    <ClInclude Include="C:\Users\asus\Desktop\code\pet1.0\ZcChat2\windows\dialog\history\history.h">
      <Filter>Header Files</Filter>
    </ClInclude>
    <ClInclude Include="C:\Users\asus\Desktop\code\pet1.0\ZcChat2\windows\dialog\history\historychild.h">
      <Filter>Header Files</Filter>
    </ClInclude>
    <ClInclude Include="C:\Users\asus\Desktop\code\pet1.0\ZcChat2\GlobalConstants.h">
      <Filter>Header Files</Filter>
    </ClInclude>
    <ClInclude Include="C:\Users\asus\Desktop\code\pet1.0\ZcChat2\utils\CustomScrollBinder.h">
      <Filter>Header Files</Filter>
    </ClInclude>
    <ClInclude Include="C:\Users\asus\Desktop\code\pet1.0\ZcChat2\utils\AnimePlugin.h">
      <Filter>Header Files</Filter>
    </ClInclude>
    <ClInclude Include="C:\Users\asus\Desktop\code\pet1.0\ZcChat2\utils\AnimePluginManager.h">
      <Filter>Header Files</Filter>
    </ClInclude>
    <ClInclude Include="C:\Users\asus\Desktop\code\pet1.0\ZcChat2\windows\tachie\tachie.h">
      <Filter>Header Files</Filter>
    </ClInclude>
    <ClInclude Include="C:\Users\asus\Desktop\code\pet1.0\ZcChat2\utils\DragHelper.h">
      <Filter>Header Files</Filter>
    </ClInclude>
    <ClInclude Include="C:\Users\asus\Desktop\code\pet1.0\ZcChat2\utils\WakeWordDetector.h">
      <Filter>Header Files</Filter>
    </ClInclude>
    <ClInclude Include="C:\Users\asus\Desktop\code\pet1.0\ZcChat2\windows\setting\child\settingchild_llm.h">
      <Filter>Header Files</Filter>
    </ClInclude>
    <ClInclude Include="C:\Users\asus\Desktop\code\pet1.0\ZcChat2\windows\setting\child\settingchild_char.h">
      <Filter>Header Files</Filter>
    </ClInclude>
    <ClInclude Include="C:\Users\asus\Desktop\code\pet1.0\ZcChat2\windows\setting\child\settingchild_vits.h">
      <Filter>Header Files</Filter>
    </ClInclude>
    <ClInclude Include="C:\Users\asus\Desktop\code\pet1.0\ZcChat2\windows\setting\child\settingchild_screenCapture.h">
      <Filter>Header Files</Filter>
    </ClInclude>
    <ClInclude Include="C:\Users\asus\Desktop\code\pet1.0\ZcChat2\windows\setting\child\settingchild_speech.h">
      <Filter>Header Files</Filter>
    </ClInclude>
    <ClInclude Include="C:\Users\asus\Desktop\code\pet1.0\ZcChat2\windows\setting\child\settingchild_plugin.h">
      <Filter>Header Files</Filter>
    </ClInclude>
    <ClInclude Include="C:\Users\asus\Desktop\code\pet1.0\ZcChat2\windows\setting\child\settingchild_about.h">
      <Filter>Header Files</Filter>
    </ClInclude>
    <ClInclude Include="C:\Users\asus\Desktop\code\pet1.0\ZcChat2\windows\setting\child\settingchild_appLauncher.h">
      <Filter>Header Files</Filter>
    </ClInclude>
    <ClInclude Include="C:\Users\asus\Desktop\code\pet1.0\ZcChat2\windows\setting\child\settingchild_general.h">
      <Filter>Header Files</Filter>
    </ClInclude>
    <ClInclude Include="C:\Users\asus\Desktop\code\pet1.0\build2\ZcChat2_autogen\include_Debug\windows\setting\ui_setting.h">
      <Filter>Header Files</Filter>
    </ClInclude>
    <ClInclude Include="C:\Users\asus\Desktop\code\pet1.0\build2\ZcChat2_autogen\include_Debug\windows\dialog\ui_dialog.h">
      <Filter>Header Files</Filter>
    </ClInclude>
    <ClInclude Include="C:\Users\asus\Desktop\code\pet1.0\build2\ZcChat2_autogen\include_Debug\windows\dialog\history\ui_history.h">
      <Filter>Header Files</Filter>
    </ClInclude>
    <ClInclude Include="C:\Users\asus\Desktop\code\pet1.0\build2\ZcChat2_autogen\include_Debug\windows\dialog\history\ui_historychild.h">
      <Filter>Header Files</Filter>
    </ClInclude>
    <ClInclude Include="C:\Users\asus\Desktop\code\pet1.0\build2\ZcChat2_autogen\include_Debug\windows\tachie\ui_tachie.h">
      <Filter>Header Files</Filter>
    </ClInclude>
    <ClInclude Include="C:\Users\asus\Desktop\code\pet1.0\build2\ZcChat2_autogen\include_Debug\windows\setting\child\ui_settingchild_llm.h">
      <Filter>Header Files</Filter>
    </ClInclude>
    <ClInclude Include="C:\Users\asus\Desktop\code\pet1.0\build2\ZcChat2_autogen\include_Debug\windows\setting\child\ui_settingchild_char.h">
      <Filter>Header Files</Filter>
    </ClInclude>
    <ClInclude Include="C:\Users\asus\Desktop\code\pet1.0\build2\ZcChat2_autogen\include_Debug\windows\setting\child\ui_settingchild_vits.h">
      <Filter>Header Files</Filter>
    </ClInclude>
    <ClInclude Include="C:\Users\asus\Desktop\code\pet1.0\build2\ZcChat2_autogen\include_Debug\windows\setting\child\ui_settingchild_screenCapture.h">
      <Filter>Header Files</Filter>
    </ClInclude>
    <ClInclude Include="C:\Users\asus\Desktop\code\pet1.0\build2\ZcChat2_autogen\include_Debug\windows\setting\child\ui_settingchild_speech.h">
      <Filter>Header Files</Filter>
    </ClInclude>
    <ClInclude Include="C:\Users\asus\Desktop\code\pet1.0\build2\ZcChat2_autogen\include_Debug\windows\setting\child\ui_settingchild_plugin.h">
      <Filter>Header Files</Filter>
    </ClInclude>
    <ClInclude Include="C:\Users\asus\Desktop\code\pet1.0\build2\ZcChat2_autogen\include_Debug\windows\setting\child\ui_settingchild_about.h">
      <Filter>Header Files</Filter>
    </ClInclude>
    <ClInclude Include="C:\Users\asus\Desktop\code\pet1.0\build2\ZcChat2_autogen\include_Debug\windows\setting\child\ui_settingchild_appLauncher.h">
      <Filter>Header Files</Filter>
    </ClInclude>
    <ClInclude Include="C:\Users\asus\Desktop\code\pet1.0\build2\ZcChat2_autogen\include_Debug\windows\setting\child\ui_settingchild_general.h">
      <Filter>Header Files</Filter>
    </ClInclude>
    <ClInclude Include="C:\Users\asus\Desktop\code\pet1.0\build2\ZcChat2_autogen\include_Release\windows\setting\ui_setting.h">
      <Filter>Header Files</Filter>
    </ClInclude>
    <ClInclude Include="C:\Users\asus\Desktop\code\pet1.0\build2\ZcChat2_autogen\include_Release\windows\dialog\ui_dialog.h">
      <Filter>Header Files</Filter>
    </ClInclude>
    <ClInclude Include="C:\Users\asus\Desktop\code\pet1.0\build2\ZcChat2_autogen\include_Release\windows\dialog\history\ui_history.h">
      <Filter>Header Files</Filter>
    </ClInclude>
    <ClInclude Include="C:\Users\asus\Desktop\code\pet1.0\build2\ZcChat2_autogen\include_Release\windows\dialog\history\ui_historychild.h">
      <Filter>Header Files</Filter>
    </ClInclude>
    <ClInclude Include="C:\Users\asus\Desktop\code\pet1.0\build2\ZcChat2_autogen\include_Release\windows\tachie\ui_tachie.h">
      <Filter>Header Files</Filter>
    </ClInclude>
    <ClInclude Include="C:\Users\asus\Desktop\code\pet1.0\build2\ZcChat2_autogen\include_Release\windows\setting\child\ui_settingchild_llm.h">
      <Filter>Header Files</Filter>
    </ClInclude>
    <ClInclude Include="C:\Users\asus\Desktop\code\pet1.0\build2\ZcChat2_autogen\include_Release\windows\setting\child\ui_settingchild_char.h">
      <Filter>Header Files</Filter>
    </ClInclude>
    <ClInclude Include="C:\Users\asus\Desktop\code\pet1.0\build2\ZcChat2_autogen\include_Release\windows\setting\child\ui_settingchild_vits.h">
      <Filter>Header Files</Filter>
    </ClInclude>
    <ClInclude Include="C:\Users\asus\Desktop\code\pet1.0\build2\ZcChat2_autogen\include_Release\windows\setting\child\ui_settingchild_screenCapture.h">
      <Filter>Header Files</Filter>
    </ClInclude>
    <ClInclude Include="C:\Users\asus\Desktop\code\pet1.0\build2\ZcChat2_autogen\include_Release\windows\setting\child\ui_settingchild_speech.h">
      <Filter>Header Files</Filter>
    </ClInclude>
    <ClInclude Include="C:\Users\asus\Desktop\code\pet1.0\build2\ZcChat2_autogen\include_Release\windows\setting\child\ui_settingchild_plugin.h">
      <Filter>Header Files</Filter>
    </ClInclude>
    <ClInclude Include="C:\Users\asus\Desktop\code\pet1.0\build2\ZcChat2_autogen\include_Release\windows\setting\child\ui_settingchild_about.h">
      <Filter>Header Files</Filter>
    </ClInclude>
    <ClInclude Include="C:\Users\asus\Desktop\code\pet1.0\build2\ZcChat2_autogen\include_Release\windows\setting\child\ui_settingchild_appLauncher.h">
      <Filter>Header Files</Filter>
    </ClInclude>
    <ClInclude Include="C:\Users\asus\Desktop\code\pet1.0\build2\ZcChat2_autogen\include_Release\windows\setting\child\ui_settingchild_general.h">
      <Filter>Header Files</Filter>
    </ClInclude>
    <ClInclude Include="C:\Users\asus\Desktop\code\pet1.0\build2\ZcChat2_autogen\include_MinSizeRel\windows\setting\ui_setting.h">
      <Filter>Header Files</Filter>
    </ClInclude>
    <ClInclude Include="C:\Users\asus\Desktop\code\pet1.0\build2\ZcChat2_autogen\include_MinSizeRel\windows\dialog\ui_dialog.h">
      <Filter>Header Files</Filter>
    </ClInclude>
    <ClInclude Include="C:\Users\asus\Desktop\code\pet1.0\build2\ZcChat2_autogen\include_MinSizeRel\windows\dialog\history\ui_history.h">
      <Filter>Header Files</Filter>
    </ClInclude>
    <ClInclude Include="C:\Users\asus\Desktop\code\pet1.0\build2\ZcChat2_autogen\include_MinSizeRel\windows\dialog\history\ui_historychild.h">
      <Filter>Header Files</Filter>
    </ClInclude>
    <ClInclude Include="C:\Users\asus\Desktop\code\pet1.0\build2\ZcChat2_autogen\include_MinSizeRel\windows\tachie\ui_tachie.h">
      <Filter>Header Files</Filter>
    </ClInclude>
    <ClInclude Include="C:\Users\asus\Desktop\code\pet1.0\build2\ZcChat2_autogen\include_MinSizeRel\windows\setting\child\ui_settingchild_llm.h">
      <Filter>Header Files</Filter>
    </ClInclude>
    <ClInclude Include="C:\Users\asus\Desktop\code\pet1.0\build2\ZcChat2_autogen\include_MinSizeRel\windows\setting\child\ui_settingchild_char.h">
      <Filter>Header Files</Filter>
    </ClInclude>
    <ClInclude Include="C:\Users\asus\Desktop\code\pet1.0\build2\ZcChat2_autogen\include_MinSizeRel\windows\setting\child\ui_settingchild_vits.h">
      <Filter>Header Files</Filter>
    </ClInclude>
    <ClInclude Include="C:\Users\asus\Desktop\code\pet1.0\build2\ZcChat2_autogen\include_MinSizeRel\windows\setting\child\ui_settingchild_screenCapture.h">
      <Filter>Header Files</Filter>
    </ClInclude>
    <ClInclude Include="C:\Users\asus\Desktop\code\pet1.0\build2\ZcChat2_autogen\include_MinSizeRel\windows\setting\child\ui_settingchild_speech.h">
      <Filter>Header Files</Filter>
    </ClInclude>
    <ClInclude Include="C:\Users\asus\Desktop\code\pet1.0\build2\ZcChat2_autogen\include_MinSizeRel\windows\setting\child\ui_settingchild_plugin.h">
      <Filter>Header Files</Filter>
    </ClInclude>
    <ClInclude Include="C:\Users\asus\Desktop\code\pet1.0\build2\ZcChat2_autogen\include_MinSizeRel\windows\setting\child\ui_settingchild_about.h">
      <Filter>Header Files</Filter>
    </ClInclude>
    <ClInclude Include="C:\Users\asus\Desktop\code\pet1.0\build2\ZcChat2_autogen\include_MinSizeRel\windows\setting\child\ui_settingchild_appLauncher.h">
      <Filter>Header Files</Filter>
    </ClInclude>
    <ClInclude Include="C:\Users\asus\Desktop\code\pet1.0\build2\ZcChat2_autogen\include_MinSizeRel\windows\setting\child\ui_settingchild_general.h">
      <Filter>Header Files</Filter>
    </ClInclude>
    <ClInclude Include="C:\Users\asus\Desktop\code\pet1.0\build2\ZcChat2_autogen\include_RelWithDebInfo\windows\setting\ui_setting.h">
      <Filter>Header Files</Filter>
    </ClInclude>
    <ClInclude Include="C:\Users\asus\Desktop\code\pet1.0\build2\ZcChat2_autogen\include_RelWithDebInfo\windows\dialog\ui_dialog.h">
      <Filter>Header Files</Filter>
    </ClInclude>
    <ClInclude Include="C:\Users\asus\Desktop\code\pet1.0\build2\ZcChat2_autogen\include_RelWithDebInfo\windows\dialog\history\ui_history.h">
      <Filter>Header Files</Filter>
    </ClInclude>
    <ClInclude Include="C:\Users\asus\Desktop\code\pet1.0\build2\ZcChat2_autogen\include_RelWithDebInfo\windows\dialog\history\ui_historychild.h">
      <Filter>Header Files</Filter>
    </ClInclude>
    <ClInclude Include="C:\Users\asus\Desktop\code\pet1.0\build2\ZcChat2_autogen\include_RelWithDebInfo\windows\tachie\ui_tachie.h">
      <Filter>Header Files</Filter>
    </ClInclude>
    <ClInclude Include="C:\Users\asus\Desktop\code\pet1.0\build2\ZcChat2_autogen\include_RelWithDebInfo\windows\setting\child\ui_settingchild_llm.h">
      <Filter>Header Files</Filter>
    </ClInclude>
    <ClInclude Include="C:\Users\asus\Desktop\code\pet1.0\build2\ZcChat2_autogen\include_RelWithDebInfo\windows\setting\child\ui_settingchild_char.h">
      <Filter>Header Files</Filter>
    </ClInclude>
    <ClInclude Include="C:\Users\asus\Desktop\code\pet1.0\build2\ZcChat2_autogen\include_RelWithDebInfo\windows\setting\child\ui_settingchild_vits.h">
      <Filter>Header Files</Filter>
    </ClInclude>
    <ClInclude Include="C:\Users\asus\Desktop\code\pet1.0\build2\ZcChat2_autogen\include_RelWithDebInfo\windows\setting\child\ui_settingchild_screenCapture.h">
      <Filter>Header Files</Filter>
    </ClInclude>
    <ClInclude Include="C:\Users\asus\Desktop\code\pet1.0\build2\ZcChat2_autogen\include_RelWithDebInfo\windows\setting\child\ui_settingchild_speech.h">
      <Filter>Header Files</Filter>
    </ClInclude>
    <ClInclude Include="C:\Users\asus\Desktop\code\pet1.0\build2\ZcChat2_autogen\include_RelWithDebInfo\windows\setting\child\ui_settingchild_plugin.h">
      <Filter>Header Files</Filter>
    </ClInclude>
    <ClInclude Include="C:\Users\asus\Desktop\code\pet1.0\build2\ZcChat2_autogen\include_RelWithDebInfo\windows\setting\child\ui_settingchild_about.h">
      <Filter>Header Files</Filter>
    </ClInclude>
    <ClInclude Include="C:\Users\asus\Desktop\code\pet1.0\build2\ZcChat2_autogen\include_RelWithDebInfo\windows\setting\child\ui_settingchild_appLauncher.h">
      <Filter>Header Files</Filter>
    </ClInclude>
    <ClInclude Include="C:\Users\asus\Desktop\code\pet1.0\build2\ZcChat2_autogen\include_RelWithDebInfo\windows\setting\child\ui_settingchild_general.h">
      <Filter>Header Files</Filter>
    </ClInclude>
  </ItemGroup>
  <ItemGroup>
    <CustomBuild Include="C:\Users\asus\Desktop\code\pet1.0\build2\CMakeFiles\dbbb80e236ed6c70bcd2f1dbc79df3c6\autouic_(CONFIG).stamp.rule">
      <Filter>CMake Rules</Filter>
    </CustomBuild>
    <CustomBuild Include="C:\Users\asus\Desktop\code\pet1.0\build2\CMakeFiles\98e60ca59a7bd40cf763651653f744a7\qrc_res.cpp.rule">
      <Filter>CMake Rules</Filter>
    </CustomBuild>
    <CustomBuild Include="C:\Users\asus\Desktop\code\pet1.0\ZcChat2\CMakeLists.txt" />
  </ItemGroup>
  <ItemGroup>
    <None Include="C:\Users\asus\Desktop\code\pet1.0\ZcChat2\windows\setting\setting.ui" />
    <None Include="C:\Users\asus\Desktop\code\pet1.0\ZcChat2\windows\dialog\dialog.ui" />
    <None Include="C:\Users\asus\Desktop\code\pet1.0\ZcChat2\windows\dialog\history\history.ui" />
    <None Include="C:\Users\asus\Desktop\code\pet1.0\ZcChat2\windows\dialog\history\historychild.ui" />
    <None Include="C:\Users\asus\Desktop\code\pet1.0\ZcChat2\res.qrc" />
    <None Include="C:\Users\asus\Desktop\code\pet1.0\ZcChat2\windows\tachie\tachie.ui" />
    <None Include="C:\Users\asus\Desktop\code\pet1.0\ZcChat2\windows\setting\child\settingchild_llm.ui" />
    <None Include="C:\Users\asus\Desktop\code\pet1.0\ZcChat2\windows\setting\child\settingchild_char.ui" />
    <None Include="C:\Users\asus\Desktop\code\pet1.0\ZcChat2\windows\setting\child\settingchild_vits.ui" />
    <None Include="C:\Users\asus\Desktop\code\pet1.0\ZcChat2\windows\setting\child\settingchild_screenCapture.ui" />
    <None Include="C:\Users\asus\Desktop\code\pet1.0\ZcChat2\windows\setting\child\settingchild_speech.ui" />
    <None Include="C:\Users\asus\Desktop\code\pet1.0\ZcChat2\windows\setting\child\settingchild_plugin.ui" />
    <None Include="C:\Users\asus\Desktop\code\pet1.0\ZcChat2\windows\setting\child\settingchild_about.ui" />
    <None Include="C:\Users\asus\Desktop\code\pet1.0\ZcChat2\windows\setting\child\settingchild_appLauncher.ui" />
    <None Include="C:\Users\asus\Desktop\code\pet1.0\ZcChat2\windows\setting\child\settingchild_general.ui" />
    <None Include="C:\Users\asus\Desktop\code\pet1.0\build2\ZcChat2_autogen\autouic_Debug.stamp" />
    <None Include="C:\Users\asus\Desktop\code\pet1.0\build2\ZcChat2_autogen\autouic_Release.stamp" />
    <None Include="C:\Users\asus\Desktop\code\pet1.0\build2\ZcChat2_autogen\autouic_MinSizeRel.stamp" />
    <None Include="C:\Users\asus\Desktop\code\pet1.0\build2\ZcChat2_autogen\autouic_RelWithDebInfo.stamp" />
  </ItemGroup>
  <ItemGroup>
    <Filter Include="CMake Rules">
      <UniqueIdentifier>{4882F241-0780-3277-B7F8-AEFA8BCA71D0}</UniqueIdentifier>
    </Filter>
    <Filter Include="Header Files">
      <UniqueIdentifier>{190731ED-14A5-35C8-B3B5-8CCE82989509}</UniqueIdentifier>
    </Filter>
    <Filter Include="Source Files">
      <UniqueIdentifier>{9A4FF8CC-6C5A-3910-982D-089243BFA5B0}</UniqueIdentifier>
    </Filter>
  </ItemGroup>
</Project>
